// !$*UTF8*$!
{
	archiveVersion = 1;
	classes = {
	};
	objectVersion = 55;
	objects = {

/* Begin PBXBuildFile section */
		953CA1C503E66AB67372E20E /* Pods_TapToWin.framework in Frameworks */ = {isa = PBXBuildFile; fileRef = 021FD6FC90810BE9804DDE30 /* Pods_TapToWin.framework */; };
		DF13B19D2916FF58005474D2 /* GameScene.swift in Sources */ = {isa = PBXBuildFile; fileRef = DF13B19C2916FF58005474D2 /* GameScene.swift */; };
		DF6A50E7291D414A0079341B /* GoogleService-Info.plist in Resources */ = {isa = PBXBuildFile; fileRef = DF6A50E6291D414A0079341B /* GoogleService-Info.plist */; };
		DF6A50E9291D42620079341B /* AppDelegate.swift in Sources */ = {isa = PBXBuildFile; fileRef = DF6A50E8291D42620079341B /* AppDelegate.swift */; };
		DF7FBC8C291E806300AF7928 /* OtherAppsView.swift in Sources */ = {isa = PBXBuildFile; fileRef = DF7FBC8B291E806300AF7928 /* OtherAppsView.swift */; };
		DFC40E5829196CDD0009C733 /* BannerAd.swift in Sources */ = {isa = PBXBuildFile; fileRef = DFC40E5729196CDD0009C733 /* BannerAd.swift */; };
		DFCAB6F12916939F00DBCFE4 /* ContentView.swift in Sources */ = {isa = PBXBuildFile; fileRef = DFCAB6F02916939F00DBCFE4 /* ContentView.swift */; };
		DFCAB6F32916939F00DBCFE4 /* HomeView.swift in Sources */ = {isa = PBXBuildFile; fileRef = DFCAB6F22916939F00DBCFE4 /* HomeView.swift */; };
		DFCAB6F5291693A100DBCFE4 /* Assets.xcassets in Resources */ = {isa = PBXBuildFile; fileRef = DFCAB6F4291693A100DBCFE4 /* Assets.xcassets */; };
		DFCAB6F8291693A100DBCFE4 /* Preview Assets.xcassets in Resources */ = {isa = PBXBuildFile; fileRef = DFCAB6F7291693A100DBCFE4 /* Preview Assets.xcassets */; };
		DFCAB700291697BE00DBCFE4 /* GameView.swift in Sources */ = {isa = PBXBuildFile; fileRef = DFCAB6FF291697BE00DBCFE4 /* GameView.swift */; };
		DFCAB7032916994F00DBCFE4 /* Button.swift in Sources */ = {isa = PBXBuildFile; fileRef = DFCAB7022916994F00DBCFE4 /* Button.swift */; };
		DFCAB7062916A01400DBCFE4 /* DifficultySelector.swift in Sources */ = {isa = PBXBuildFile; fileRef = DFCAB7052916A01400DBCFE4 /* DifficultySelector.swift */; };
		DFCAB7082916A18200DBCFE4 /* GameViewModel.swift in Sources */ = {isa = PBXBuildFile; fileRef = DFCAB7072916A18200DBCFE4 /* GameViewModel.swift */; };
		DFE8321829184D2600D1856A /* WinView.swift in Sources */ = {isa = PBXBuildFile; fileRef = DFE8321729184D2600D1856A /* WinView.swift */; };
/* End PBXBuildFile section */

/* Begin PBXFileReference section */
		021FD6FC90810BE9804DDE30 /* Pods_TapToWin.framework */ = {isa = PBXFileReference; explicitFileType = wrapper.framework; includeInIndex = 0; path = Pods_TapToWin.framework; sourceTree = BUILT_PRODUCTS_DIR; };
		957E927FA13B2DBE2270153E /* Pods-TapToWin.debug.xcconfig */ = {isa = PBXFileReference; includeInIndex = 1; lastKnownFileType = text.xcconfig; name = "Pods-TapToWin.debug.xcconfig"; path = "Target Support Files/Pods-TapToWin/Pods-TapToWin.debug.xcconfig"; sourceTree = "<group>"; };
		DF13B19C2916FF58005474D2 /* GameScene.swift */ = {isa = PBXFileReference; lastKnownFileType = sourcecode.swift; name = GameScene.swift; path = ../../../../../Downloads/GameScene.swift; sourceTree = "<group>"; };
		DF6A50E6291D414A0079341B /* GoogleService-Info.plist */ = {isa = PBXFileReference; fileEncoding = 4; lastKnownFileType = text.plist.xml; path = "GoogleService-Info.plist"; sourceTree = "<group>"; };
		DF6A50E8291D42620079341B /* AppDelegate.swift */ = {isa = PBXFileReference; lastKnownFileType = sourcecode.swift; path = AppDelegate.swift; sourceTree = "<group>"; };
		DF7FBC8B291E806300AF7928 /* OtherAppsView.swift */ = {isa = PBXFileReference; fileEncoding = 4; lastKnownFileType = sourcecode.swift; path = OtherAppsView.swift; sourceTree = "<group>"; };
		DFC40E5429196C000009C733 /* Info.plist */ = {isa = PBXFileReference; lastKnownFileType = text.plist; path = Info.plist; sourceTree = "<group>"; };
		DFC40E5729196CDD0009C733 /* BannerAd.swift */ = {isa = PBXFileReference; lastKnownFileType = sourcecode.swift; path = BannerAd.swift; sourceTree = "<group>"; };
		DFCAB6ED2916939F00DBCFE4 /* TapToWin.app */ = {isa = PBXFileReference; explicitFileType = wrapper.application; includeInIndex = 0; path = TapToWin.app; sourceTree = BUILT_PRODUCTS_DIR; };
		DFCAB6F02916939F00DBCFE4 /* ContentView.swift */ = {isa = PBXFileReference; lastKnownFileType = sourcecode.swift; path = ContentView.swift; sourceTree = "<group>"; };
		DFCAB6F22916939F00DBCFE4 /* HomeView.swift */ = {isa = PBXFileReference; lastKnownFileType = sourcecode.swift; path = HomeView.swift; sourceTree = "<group>"; };
		DFCAB6F4291693A100DBCFE4 /* Assets.xcassets */ = {isa = PBXFileReference; lastKnownFileType = folder.assetcatalog; path = Assets.xcassets; sourceTree = "<group>"; };
		DFCAB6F7291693A100DBCFE4 /* Preview Assets.xcassets */ = {isa = PBXFileReference; lastKnownFileType = folder.assetcatalog; path = "Preview Assets.xcassets"; sourceTree = "<group>"; };
		DFCAB6FF291697BE00DBCFE4 /* GameView.swift */ = {isa = PBXFileReference; lastKnownFileType = sourcecode.swift; path = GameView.swift; sourceTree = "<group>"; };
		DFCAB7022916994F00DBCFE4 /* Button.swift */ = {isa = PBXFileReference; lastKnownFileType = sourcecode.swift; path = Button.swift; sourceTree = "<group>"; };
		DFCAB7052916A01400DBCFE4 /* DifficultySelector.swift */ = {isa = PBXFileReference; lastKnownFileType = sourcecode.swift; path = DifficultySelector.swift; sourceTree = "<group>"; };
		DFCAB7072916A18200DBCFE4 /* GameViewModel.swift */ = {isa = PBXFileReference; lastKnownFileType = sourcecode.swift; path = GameViewModel.swift; sourceTree = "<group>"; };
		DFE8321729184D2600D1856A /* WinView.swift */ = {isa = PBXFileReference; lastKnownFileType = sourcecode.swift; path = WinView.swift; sourceTree = "<group>"; };
		EDBC2CFD04F396F1E58BC1AE /* Pods-TapToWin.release.xcconfig */ = {isa = PBXFileReference; includeInIndex = 1; lastKnownFileType = text.xcconfig; name = "Pods-TapToWin.release.xcconfig"; path = "Target Support Files/Pods-TapToWin/Pods-TapToWin.release.xcconfig"; sourceTree = "<group>"; };
/* End PBXFileReference section */

/* Begin PBXFrameworksBuildPhase section */
		DFCAB6EA2916939F00DBCFE4 /* Frameworks */ = {
			isa = PBXFrameworksBuildPhase;
			buildActionMask = 2147483647;
			files = (
				953CA1C503E66AB67372E20E /* Pods_TapToWin.framework in Frameworks */,
			);
			runOnlyForDeploymentPostprocessing = 0;
		};
/* End PBXFrameworksBuildPhase section */

/* Begin PBXGroup section */
		602BE0A236AD007BEE250233 /* Frameworks */ = {
			isa = PBXGroup;
			children = (
				021FD6FC90810BE9804DDE30 /* Pods_TapToWin.framework */,
			);
			name = Frameworks;
			sourceTree = "<group>";
		};
		973D009E824746F7E3735FA1 /* Pods */ = {
			isa = PBXGroup;
			children = (
				957E927FA13B2DBE2270153E /* Pods-TapToWin.debug.xcconfig */,
				EDBC2CFD04F396F1E58BC1AE /* Pods-TapToWin.release.xcconfig */,
			);
			path = Pods;
			sourceTree = "<group>";
		};
		DF7FBC8A291E806300AF7928 /* OtherApps */ = {
			isa = PBXGroup;
			children = (
				DF7FBC8B291E806300AF7928 /* OtherAppsView.swift */,
			);
			path = OtherApps;
			sourceTree = "<group>";
		};
		DFC40E5529196CC30009C733 /* AdMob */ = {
			isa = PBXGroup;
			children = (
				DFC40E5729196CDD0009C733 /* BannerAd.swift */,
			);
			path = AdMob;
			sourceTree = "<group>";
		};
		DFCAB6E42916939F00DBCFE4 = {
			isa = PBXGroup;
			children = (
				DF6A50E6291D414A0079341B /* GoogleService-Info.plist */,
				DFCAB6EF2916939F00DBCFE4 /* TapToWin */,
				DFCAB6EE2916939F00DBCFE4 /* Products */,
				973D009E824746F7E3735FA1 /* Pods */,
				602BE0A236AD007BEE250233 /* Frameworks */,
			);
			sourceTree = "<group>";
		};
		DFCAB6EE2916939F00DBCFE4 /* Products */ = {
			isa = PBXGroup;
			children = (
				DFCAB6ED2916939F00DBCFE4 /* TapToWin.app */,
			);
			name = Products;
			sourceTree = "<group>";
		};
		DFCAB6EF2916939F00DBCFE4 /* TapToWin */ = {
			isa = PBXGroup;
			children = (
				DFC40E5529196CC30009C733 /* AdMob */,
				DFC40E5429196C000009C733 /* Info.plist */,
				DF7FBC8A291E806300AF7928 /* OtherApps */,
				DFCAB7042916A00300DBCFE4 /* DifficultuSelector */,
				DFCAB7012916994600DBCFE4 /* Components */,
				DFCAB6FE291697B400DBCFE4 /* Game */,
				DFCAB6F02916939F00DBCFE4 /* ContentView.swift */,
				DFCAB6F22916939F00DBCFE4 /* HomeView.swift */,
				DFCAB6F4291693A100DBCFE4 /* Assets.xcassets */,
				DFCAB6F6291693A100DBCFE4 /* Preview Content */,
				DFCAB7072916A18200DBCFE4 /* GameViewModel.swift */,
				DF6A50E8291D42620079341B /* AppDelegate.swift */,
			);
			path = TapToWin;
			sourceTree = "<group>";
		};
		DFCAB6F6291693A100DBCFE4 /* Preview Content */ = {
			isa = PBXGroup;
			children = (
				DFCAB6F7291693A100DBCFE4 /* Preview Assets.xcassets */,
			);
			path = "Preview Content";
			sourceTree = "<group>";
		};
		DFCAB6FE291697B400DBCFE4 /* Game */ = {
			isa = PBXGroup;
			children = (
				DFCAB6FF291697BE00DBCFE4 /* GameView.swift */,
				DF13B19C2916FF58005474D2 /* GameScene.swift */,
				DFE8321729184D2600D1856A /* WinView.swift */,
			);
			path = Game;
			sourceTree = "<group>";
		};
		DFCAB7012916994600DBCFE4 /* Components */ = {
			isa = PBXGroup;
			children = (
				DFCAB7022916994F00DBCFE4 /* Button.swift */,
			);
			path = Components;
			sourceTree = "<group>";
		};
		DFCAB7042916A00300DBCFE4 /* DifficultuSelector */ = {
			isa = PBXGroup;
			children = (
				DFCAB7052916A01400DBCFE4 /* DifficultySelector.swift */,
			);
			path = DifficultuSelector;
			sourceTree = "<group>";
		};
/* End PBXGroup section */

/* Begin PBXNativeTarget section */
		DFCAB6EC2916939F00DBCFE4 /* TapToWin */ = {
			isa = PBXNativeTarget;
			buildConfigurationList = DFCAB6FB291693A100DBCFE4 /* Build configuration list for PBXNativeTarget "TapToWin" */;
			buildPhases = (
				DDB18B60047673F9092EF334 /* [CP] Check Pods Manifest.lock */,
				DFCAB6E92916939F00DBCFE4 /* Sources */,
				DFCAB6EA2916939F00DBCFE4 /* Frameworks */,
				DFCAB6EB2916939F00DBCFE4 /* Resources */,
				F99D70E5FA45BB3138F76C65 /* [CP] Embed Pods Frameworks */,
			);
			buildRules = (
			);
			dependencies = (
			);
			name = TapToWin;
			productName = TapToWin;
			productReference = DFCAB6ED2916939F00DBCFE4 /* TapToWin.app */;
			productType = "com.apple.product-type.application";
		};
/* End PBXNativeTarget section */

/* Begin PBXProject section */
		DFCAB6E52916939F00DBCFE4 /* Project object */ = {
			isa = PBXProject;
			attributes = {
				BuildIndependentTargetsInParallel = 1;
				LastSwiftUpdateCheck = 1400;
				LastUpgradeCheck = 1400;
				TargetAttributes = {
					DFCAB6EC2916939F00DBCFE4 = {
						CreatedOnToolsVersion = 14.0.1;
					};
				};
			};
			buildConfigurationList = DFCAB6E82916939F00DBCFE4 /* Build configuration list for PBXProject "TapToWin" */;
			compatibilityVersion = "Xcode 13.0";
			developmentRegion = en;
			hasScannedForEncodings = 0;
			knownRegions = (
				en,
				Base,
			);
			mainGroup = DFCAB6E42916939F00DBCFE4;
			productRefGroup = DFCAB6EE2916939F00DBCFE4 /* Products */;
			projectDirPath = "";
			projectRoot = "";
			targets = (
				DFCAB6EC2916939F00DBCFE4 /* TapToWin */,
			);
		};
/* End PBXProject section */

/* Begin PBXResourcesBuildPhase section */
		DFCAB6EB2916939F00DBCFE4 /* Resources */ = {
			isa = PBXResourcesBuildPhase;
			buildActionMask = 2147483647;
			files = (
				DFCAB6F8291693A100DBCFE4 /* Preview Assets.xcassets in Resources */,
				DF6A50E7291D414A0079341B /* GoogleService-Info.plist in Resources */,
				DFCAB6F5291693A100DBCFE4 /* Assets.xcassets in Resources */,
			);
			runOnlyForDeploymentPostprocessing = 0;
		};
/* End PBXResourcesBuildPhase section */

/* Begin PBXShellScriptBuildPhase section */
		DDB18B60047673F9092EF334 /* [CP] Check Pods Manifest.lock */ = {
			isa = PBXShellScriptBuildPhase;
			buildActionMask = 2147483647;
			files = (
			);
			inputFileListPaths = (
			);
			inputPaths = (
				"${PODS_PODFILE_DIR_PATH}/Podfile.lock",
				"${PODS_ROOT}/Manifest.lock",
			);
			name = "[CP] Check Pods Manifest.lock";
			outputFileListPaths = (
			);
			outputPaths = (
				"$(DERIVED_FILE_DIR)/Pods-TapToWin-checkManifestLockResult.txt",
			);
			runOnlyForDeploymentPostprocessing = 0;
			shellPath = /bin/sh;
			shellScript = "diff \"${PODS_PODFILE_DIR_PATH}/Podfile.lock\" \"${PODS_ROOT}/Manifest.lock\" > /dev/null\nif [ $? != 0 ] ; then\n    # print error to STDERR\n    echo \"error: The sandbox is not in sync with the Podfile.lock. Run 'pod install' or update your CocoaPods installation.\" >&2\n    exit 1\nfi\n# This output is used by Xcode 'outputs' to avoid re-running this script phase.\necho \"SUCCESS\" > \"${SCRIPT_OUTPUT_FILE_0}\"\n";
			showEnvVarsInLog = 0;
		};
		F99D70E5FA45BB3138F76C65 /* [CP] Embed Pods Frameworks */ = {
			isa = PBXShellScriptBuildPhase;
			buildActionMask = 2147483647;
			files = (
			);
			inputFileListPaths = (
				"${PODS_ROOT}/Target Support Files/Pods-TapToWin/Pods-TapToWin-frameworks-${CONFIGURATION}-input-files.xcfilelist",
			);
			name = "[CP] Embed Pods Frameworks";
			outputFileListPaths = (
				"${PODS_ROOT}/Target Support Files/Pods-TapToWin/Pods-TapToWin-frameworks-${CONFIGURATION}-output-files.xcfilelist",
			);
			runOnlyForDeploymentPostprocessing = 0;
			shellPath = /bin/sh;
			shellScript = "\"${PODS_ROOT}/Target Support Files/Pods-TapToWin/Pods-TapToWin-frameworks.sh\"\n";
			showEnvVarsInLog = 0;
		};
/* End PBXShellScriptBuildPhase section */

/* Begin PBXSourcesBuildPhase section */
		DFCAB6E92916939F00DBCFE4 /* Sources */ = {
			isa = PBXSourcesBuildPhase;
			buildActionMask = 2147483647;
			files = (
				DF7FBC8C291E806300AF7928 /* OtherAppsView.swift in Sources */,
				DFCAB7082916A18200DBCFE4 /* GameViewModel.swift in Sources */,
				DFE8321829184D2600D1856A /* WinView.swift in Sources */,
				DFCAB6F32916939F00DBCFE4 /* HomeView.swift in Sources */,
				DFCAB700291697BE00DBCFE4 /* GameView.swift in Sources */,
				DFC40E5829196CDD0009C733 /* BannerAd.swift in Sources */,
				DFCAB6F12916939F00DBCFE4 /* ContentView.swift in Sources */,
				DFCAB7062916A01400DBCFE4 /* DifficultySelector.swift in Sources */,
				DF13B19D2916FF58005474D2 /* GameScene.swift in Sources */,
				DF6A50E9291D42620079341B /* AppDelegate.swift in Sources */,
				DFCAB7032916994F00DBCFE4 /* Button.swift in Sources */,
			);
			runOnlyForDeploymentPostprocessing = 0;
		};
/* End PBXSourcesBuildPhase section */

/* Begin XCBuildConfiguration section */
		DFCAB6F9291693A100DBCFE4 /* Debug */ = {
			isa = XCBuildConfiguration;
			buildSettings = {
				ALWAYS_SEARCH_USER_PATHS = NO;
				CLANG_ANALYZER_NONNULL = YES;
				CLANG_ANALYZER_NUMBER_OBJECT_CONVERSION = YES_AGGRESSIVE;
				CLANG_CXX_LANGUAGE_STANDARD = "gnu++20";
				CLANG_ENABLE_MODULES = YES;
				CLANG_ENABLE_OBJC_ARC = YES;
				CLANG_ENABLE_OBJC_WEAK = YES;
				CLANG_WARN_BLOCK_CAPTURE_AUTORELEASING = YES;
				CLANG_WARN_BOOL_CONVERSION = YES;
				CLANG_WARN_COMMA = YES;
				CLANG_WARN_CONSTANT_CONVERSION = YES;
				CLANG_WARN_DEPRECATED_OBJC_IMPLEMENTATIONS = YES;
				CLANG_WARN_DIRECT_OBJC_ISA_USAGE = YES_ERROR;
				CLANG_WARN_DOCUMENTATION_COMMENTS = YES;
				CLANG_WARN_EMPTY_BODY = YES;
				CLANG_WARN_ENUM_CONVERSION = YES;
				CLANG_WARN_INFINITE_RECURSION = YES;
				CLANG_WARN_INT_CONVERSION = YES;
				CLANG_WARN_NON_LITERAL_NULL_CONVERSION = YES;
				CLANG_WARN_OBJC_IMPLICIT_RETAIN_SELF = YES;
				CLANG_WARN_OBJC_LITERAL_CONVERSION = YES;
				CLANG_WARN_OBJC_ROOT_CLASS = YES_ERROR;
				CLANG_WARN_QUOTED_INCLUDE_IN_FRAMEWORK_HEADER = YES;
				CLANG_WARN_RANGE_LOOP_ANALYSIS = YES;
				CLANG_WARN_STRICT_PROTOTYPES = YES;
				CLANG_WARN_SUSPICIOUS_MOVE = YES;
				CLANG_WARN_UNGUARDED_AVAILABILITY = YES_AGGRESSIVE;
				CLANG_WARN_UNREACHABLE_CODE = YES;
				CLANG_WARN__DUPLICATE_METHOD_MATCH = YES;
				COPY_PHASE_STRIP = NO;
				DEBUG_INFORMATION_FORMAT = dwarf;
				ENABLE_BITCODE = NO;
				ENABLE_STRICT_OBJC_MSGSEND = YES;
				ENABLE_TESTABILITY = YES;
				GCC_C_LANGUAGE_STANDARD = gnu11;
				GCC_DYNAMIC_NO_PIC = NO;
				GCC_NO_COMMON_BLOCKS = YES;
				GCC_OPTIMIZATION_LEVEL = 0;
				GCC_PREPROCESSOR_DEFINITIONS = (
					"DEBUG=1",
					"$(inherited)",
				);
				GCC_WARN_64_TO_32_BIT_CONVERSION = YES;
				GCC_WARN_ABOUT_RETURN_TYPE = YES_ERROR;
				GCC_WARN_UNDECLARED_SELECTOR = YES;
				GCC_WARN_UNINITIALIZED_AUTOS = YES_AGGRESSIVE;
				GCC_WARN_UNUSED_FUNCTION = YES;
				GCC_WARN_UNUSED_VARIABLE = YES;
				IPHONEOS_DEPLOYMENT_TARGET = 16.0;
				MTL_ENABLE_DEBUG_INFO = INCLUDE_SOURCE;
				MTL_FAST_MATH = YES;
				ONLY_ACTIVE_ARCH = YES;
				SDKROOT = iphoneos;
				SWIFT_ACTIVE_COMPILATION_CONDITIONS = DEBUG;
				SWIFT_OPTIMIZATION_LEVEL = "-Onone";
			};
			name = Debug;
		};
		DFCAB6FA291693A100DBCFE4 /* Release */ = {
			isa = XCBuildConfiguration;
			buildSettings = {
				ALWAYS_SEARCH_USER_PATHS = NO;
				CLANG_ANALYZER_NONNULL = YES;
				CLANG_ANALYZER_NUMBER_OBJECT_CONVERSION = YES_AGGRESSIVE;
				CLANG_CXX_LANGUAGE_STANDARD = "gnu++20";
				CLANG_ENABLE_MODULES = YES;
				CLANG_ENABLE_OBJC_ARC = YES;
				CLANG_ENABLE_OBJC_WEAK = YES;
				CLANG_WARN_BLOCK_CAPTURE_AUTORELEASING = YES;
				CLANG_WARN_BOOL_CONVERSION = YES;
				CLANG_WARN_COMMA = YES;
				CLANG_WARN_CONSTANT_CONVERSION = YES;
				CLANG_WARN_DEPRECATED_OBJC_IMPLEMENTATIONS = YES;
				CLANG_WARN_DIRECT_OBJC_ISA_USAGE = YES_ERROR;
				CLANG_WARN_DOCUMENTATION_COMMENTS = YES;
				CLANG_WARN_EMPTY_BODY = YES;
				CLANG_WARN_ENUM_CONVERSION = YES;
				CLANG_WARN_INFINITE_RECURSION = YES;
				CLANG_WARN_INT_CONVERSION = YES;
				CLANG_WARN_NON_LITERAL_NULL_CONVERSION = YES;
				CLANG_WARN_OBJC_IMPLICIT_RETAIN_SELF = YES;
				CLANG_WARN_OBJC_LITERAL_CONVERSION = YES;
				CLANG_WARN_OBJC_ROOT_CLASS = YES_ERROR;
				CLANG_WARN_QUOTED_INCLUDE_IN_FRAMEWORK_HEADER = YES;
				CLANG_WARN_RANGE_LOOP_ANALYSIS = YES;
				CLANG_WARN_STRICT_PROTOTYPES = YES;
				CLANG_WARN_SUSPICIOUS_MOVE = YES;
				CLANG_WARN_UNGUARDED_AVAILABILITY = YES_AGGRESSIVE;
				CLANG_WARN_UNREACHABLE_CODE = YES;
				CLANG_WARN__DUPLICATE_METHOD_MATCH = YES;
				COPY_PHASE_STRIP = NO;
				DEBUG_INFORMATION_FORMAT = "dwarf-with-dsym";
				ENABLE_BITCODE = NO;
				ENABLE_NS_ASSERTIONS = NO;
				ENABLE_STRICT_OBJC_MSGSEND = YES;
				GCC_C_LANGUAGE_STANDARD = gnu11;
				GCC_NO_COMMON_BLOCKS = YES;
				GCC_WARN_64_TO_32_BIT_CONVERSION = YES;
				GCC_WARN_ABOUT_RETURN_TYPE = YES_ERROR;
				GCC_WARN_UNDECLARED_SELECTOR = YES;
				GCC_WARN_UNINITIALIZED_AUTOS = YES_AGGRESSIVE;
				GCC_WARN_UNUSED_FUNCTION = YES;
				GCC_WARN_UNUSED_VARIABLE = YES;
				IPHONEOS_DEPLOYMENT_TARGET = 16.0;
				MTL_ENABLE_DEBUG_INFO = NO;
				MTL_FAST_MATH = YES;
				SDKROOT = iphoneos;
				SWIFT_COMPILATION_MODE = wholemodule;
				SWIFT_OPTIMIZATION_LEVEL = "-O";
				VALIDATE_PRODUCT = YES;
			};
			name = Release;
		};
		DFCAB6FC291693A100DBCFE4 /* Debug */ = {
			isa = XCBuildConfiguration;
			baseConfigurationReference = 957E927FA13B2DBE2270153E /* Pods-TapToWin.debug.xcconfig */;
			buildSettings = {
				ASSETCATALOG_COMPILER_APPICON_NAME = AppIcon;
				ASSETCATALOG_COMPILER_GLOBAL_ACCENT_COLOR_NAME = AccentColor;
				CODE_SIGN_STYLE = Automatic;
				CURRENT_PROJECT_VERSION = 7;
				DEVELOPMENT_ASSET_PATHS = "\"TapToWin/Preview Content\"";
				DEVELOPMENT_TEAM = 6525BU9D84;
				ENABLE_PREVIEWS = YES;
				GENERATE_INFOPLIST_FILE = YES;
				INFOPLIST_FILE = TapToWin/Info.plist;
				INFOPLIST_KEY_CFBundleDisplayName = "Tap To Win";
				INFOPLIST_KEY_LSApplicationCategoryType = "";
				INFOPLIST_KEY_UIApplicationSceneManifest_Generation = YES;
				INFOPLIST_KEY_UIApplicationSupportsIndirectInputEvents = YES;
				INFOPLIST_KEY_UILaunchScreen_Generation = YES;
				INFOPLIST_KEY_UISupportedInterfaceOrientations = UIInterfaceOrientationPortrait;
				INFOPLIST_KEY_UISupportedInterfaceOrientations_iPad = "UIInterfaceOrientationLandscapeLeft UIInterfaceOrientationLandscapeRight UIInterfaceOrientationPortrait UIInterfaceOrientationPortraitUpsideDown";
				IPHONEOS_DEPLOYMENT_TARGET = 14.0;
				LD_RUNPATH_SEARCH_PATHS = (
					"$(inherited)",
					"@executable_path/Frameworks",
				);
				MARKETING_VERSION = 1.5;
				PRODUCT_BUNDLE_IDENTIFIER = com.app.TapToWin;
				PRODUCT_NAME = "$(TARGET_NAME)";
				SUPPORTED_PLATFORMS = "iphoneos iphonesimulator";
				SUPPORTS_MACCATALYST = NO;
				SUPPORTS_MAC_DESIGNED_FOR_IPHONE_IPAD = NO;
				SWIFT_EMIT_LOC_STRINGS = YES;
				SWIFT_VERSION = 5.0;
				TARGETED_DEVICE_FAMILY = 1;
			};
			name = Debug;
		};
		DFCAB6FD291693A100DBCFE4 /* Release */ = {
			isa = XCBuildConfiguration;
			baseConfigurationReference = EDBC2CFD04F396F1E58BC1AE /* Pods-TapToWin.release.xcconfig */;
			buildSettings = {
				ASSETCATALOG_COMPILER_APPICON_NAME = AppIcon;
				ASSETCATALOG_COMPILER_GLOBAL_ACCENT_COLOR_NAME = AccentColor;
				CODE_SIGN_STYLE = Automatic;
				CURRENT_PROJECT_VERSION = 7;
				DEVELOPMENT_ASSET_PATHS = "\"TapToWin/Preview Content\"";
				DEVELOPMENT_TEAM = 6525BU9D84;
				ENABLE_PREVIEWS = YES;
				GENERATE_INFOPLIST_FILE = YES;
				INFOPLIST_FILE = TapToWin/Info.plist;
				INFOPLIST_KEY_CFBundleDisplayName = "Tap To Win";
				INFOPLIST_KEY_LSApplicationCategoryType = "";
				INFOPLIST_KEY_UIApplicationSceneManifest_Generation = YES;
				INFOPLIST_KEY_UIApplicationSupportsIndirectInputEvents = YES;
				INFOPLIST_KEY_UILaunchScreen_Generation = YES;
				INFOPLIST_KEY_UISupportedInterfaceOrientations = UIInterfaceOrientationPortrait;
				INFOPLIST_KEY_UISupportedInterfaceOrientations_iPad = "UIInterfaceOrientationLandscapeLeft UIInterfaceOrientationLandscapeRight UIInterfaceOrientationPortrait UIInterfaceOrientationPortraitUpsideDown";
				IPHONEOS_DEPLOYMENT_TARGET = 14.0;
				LD_RUNPATH_SEARCH_PATHS = (
					"$(inherited)",
					"@executable_path/Frameworks",
				);
				MARKETING_VERSION = 1.5;
				PRODUCT_BUNDLE_IDENTIFIER = com.app.TapToWin;
				PRODUCT_NAME = "$(TARGET_NAME)";
				SUPPORTED_PLATFORMS = "iphoneos iphonesimulator";
				SUPPORTS_MACCATALYST = NO;
				SUPPORTS_MAC_DESIGNED_FOR_IPHONE_IPAD = NO;
				SWIFT_EMIT_LOC_STRINGS = YES;
				SWIFT_VERSION = 5.0;
				TARGETED_DEVICE_FAMILY = 1;
			};
			name = Release;
		};
/* End XCBuildConfiguration section */

/* Begin XCConfigurationList section */
		DFCAB6E82916939F00DBCFE4 /* Build configuration list for PBXProject "TapToWin" */ = {
			isa = XCConfigurationList;
			buildConfigurations = (
				DFCAB6F9291693A100DBCFE4 /* Debug */,
				DFCAB6FA291693A100DBCFE4 /* Release */,
			);
			defaultConfigurationIsVisible = 0;
			defaultConfigurationName = Release;
		};
		DFCAB6FB291693A100DBCFE4 /* Build configuration list for PBXNativeTarget "TapToWin" */ = {
			isa = XCConfigurationList;
			buildConfigurations = (
				DFCAB6FC291693A100DBCFE4 /* Debug */,
				DFCAB6FD291693A100DBCFE4 /* Release */,
			);
			defaultConfigurationIsVisible = 0;
			defaultConfigurationName = Release;
		};
/* End XCConfigurationList section */
	};
	rootObject = DFCAB6E52916939F00DBCFE4 /* Project object */;
}
